{
  "originHash" : "8ca096df508e25034462a13500b46be9548f43ac947babb10133baa4ffe5fac8",
  "pins" : [
    {
      "identity" : "devtesting",
      "kind" : "remoteSourceControl",
      "location" : "https://github.com/DevKitOrganization/DevTesting",
      "state" : {
        "revision" : "33c75ae23d0996a71b4ab2acdd8926d90dcbcd2e",
        "version" : "1.0.0-beta.11"
      }
    }
  ],
  "version" : 3
}
