{
  "originHash" : "f06526c11bdf149ff155cd0af3768d874ac1c852c6eaad9c672a968735b793a8",
  "pins" : [
    {
      "identity" : "devtesting",
      "kind" : "remoteSourceControl",
      "location" : "https://github.com/DevKitOrganization/DevTesting",
      "state" : {
        "revision" : "7dcd0757a4fa146ffeede688d649953643014be9",
        "version" : "1.2.0"
      }
    }
  ],
  "version" : 3
}
