{
  "originHash" : "3b27e6dfe272a431780fb06d3c59802cd4de440d92512500c49f2d700d0cc822",
  "pins" : [
    {
      "identity" : "devtesting",
      "kind" : "remoteSourceControl",
      "location" : "https://github.com/Devkitorganization/devtesting",
      "state" : {
        "revision" : "33c75ae23d0996a71b4ab2acdd8926d90dcbcd2e",
        "version" : "1.0.0-beta.11"
      }
    }
  ],
  "version" : 3
}
