{
  "originHash" : "0e086ed465efd8ddf1d134e5d85430f563fa91a8e9ae4e0aeccf1019ec3d7178",
  "pins" : [
    {
      "identity" : "devtesting",
      "kind" : "remoteSourceControl",
      "location" : "https://github.com/Devkitorganization/devtesting",
      "state" : {
        "revision" : "efc47196b864138aebcd0bf68e3df0eb384ebdf0",
        "version" : "1.0.0-beta.9"
      }
    }
  ],
  "version" : 3
}
