{
  "originHash" : "ef7bf65dddf6feba04145a130a21accc9723d75a3b936f30e49767ebd2b3fd5d",
  "pins" : [
    {
      "identity" : "devtesting",
      "kind" : "remoteSourceControl",
      "location" : "https://github.com/Devkitorganization/devtesting",
      "state" : {
        "revision" : "4a4dc1b3ba8d66fcbaa745f541ef95d0d0b36c23",
        "version" : "1.0.0-beta.10"
      }
    }
  ],
  "version" : 3
}
